
Microsoft Visual Studio Solution File, Format Version 12.00
# Visual Studio Version 17
VisualStudioVersion = 17.2.32630.192
MinimumVisualStudioVersion = 10.0.40219.1
Project("{FAE04EC0-301F-11D3-BF4B-00C04F79EFBC}") = "Seguimiento6", "Seguimiento6\Seguimiento6.csproj", "{436D3332-C608-40BD-9F3D-DC7035DB50CB}"
EndProject
Global
	GlobalSection(SolutionConfigurationPlatforms) = preSolution
		Debug|Any CPU = Debug|Any CPU
		Release|Any CPU = Release|Any CPU
	EndGlobalSection
	GlobalSection(ProjectConfigurationPlatforms) = postSolution
		{436D3332-C608-40BD-9F3D-DC7035DB50CB}.Debug|Any CPU.ActiveCfg = Debug|Any CPU
		{436D3332-C608-40BD-9F3D-DC7035DB50CB}.Debug|Any CPU.Build.0 = Debug|Any CPU
		{436D3332-C608-40BD-9F3D-DC7035DB50CB}.Release|Any CPU.ActiveCfg = Release|Any CPU
		{436D3332-C608-40BD-9F3D-DC7035DB50CB}.Release|Any CPU.Build.0 = Release|Any CPU
	EndGlobalSection
	GlobalSection(SolutionProperties) = preSolution
		HideSolutionNode = FALSE
	EndGlobalSection
	GlobalSection(ExtensibilityGlobals) = postSolution
		SolutionGuid = {7C951464-D25B-4712-BB98-F6B78C7AD792}
	EndGlobalSection
EndGlobal
